
Microsoft Visual Studio Solution File, Format Version 12.00
# Visual Studio Version 17
VisualStudioVersion = 17.7.34031.279
MinimumVisualStudioVersion = 10.0.40219.1
Project("{FAE04EC0-301F-11D3-BF4B-00C04F79EFBC}") = "Bird.APP", "BirdManagementSystem\Bird.APP.csproj", "{858C7CC0-62EE-405D-9EF5-DE1882F25238}"
EndProject
Project("{FAE04EC0-301F-11D3-BF4B-00C04F79EFBC}") = "BusinessObjects", "BusinessObjects\BusinessObjects.csproj", "{33E7BE05-59FF-479E-BC38-8C964259C9DB}"
EndProject
Project("{FAE04EC0-301F-11D3-BF4B-00C04F79EFBC}") = "BirdService", "BirdService\BirdService.csproj", "{3AC79AE3-ED41-4E83-9748-03666F4CEF28}"
EndProject
Project("{FAE04EC0-301F-11D3-BF4B-00C04F79EFBC}") = "BirdRepository", "BirdRepository\BirdRepository.csproj", "{6F8B9908-8E5B-455E-9681-09DA9ACC3C46}"
EndProject
Project("{FAE04EC0-301F-11D3-BF4B-00C04F79EFBC}") = "BirdDAO", "BirdDAO\BirdDAO.csproj", "{08EE2E9A-F9FB-4796-9E17-8D8A6AE32C6F}"
EndProject
Global
	GlobalSection(SolutionConfigurationPlatforms) = preSolution
		Debug|Any CPU = Debug|Any CPU
		Release|Any CPU = Release|Any CPU
	EndGlobalSection
	GlobalSection(ProjectConfigurationPlatforms) = postSolution
		{858C7CC0-62EE-405D-9EF5-DE1882F25238}.Debug|Any CPU.ActiveCfg = Debug|Any CPU
		{858C7CC0-62EE-405D-9EF5-DE1882F25238}.Debug|Any CPU.Build.0 = Debug|Any CPU
		{858C7CC0-62EE-405D-9EF5-DE1882F25238}.Release|Any CPU.ActiveCfg = Release|Any CPU
		{858C7CC0-62EE-405D-9EF5-DE1882F25238}.Release|Any CPU.Build.0 = Release|Any CPU
		{33E7BE05-59FF-479E-BC38-8C964259C9DB}.Debug|Any CPU.ActiveCfg = Debug|Any CPU
		{33E7BE05-59FF-479E-BC38-8C964259C9DB}.Debug|Any CPU.Build.0 = Debug|Any CPU
		{33E7BE05-59FF-479E-BC38-8C964259C9DB}.Release|Any CPU.ActiveCfg = Release|Any CPU
		{33E7BE05-59FF-479E-BC38-8C964259C9DB}.Release|Any CPU.Build.0 = Release|Any CPU
		{3AC79AE3-ED41-4E83-9748-03666F4CEF28}.Debug|Any CPU.ActiveCfg = Debug|Any CPU
		{3AC79AE3-ED41-4E83-9748-03666F4CEF28}.Debug|Any CPU.Build.0 = Debug|Any CPU
		{3AC79AE3-ED41-4E83-9748-03666F4CEF28}.Release|Any CPU.ActiveCfg = Release|Any CPU
		{3AC79AE3-ED41-4E83-9748-03666F4CEF28}.Release|Any CPU.Build.0 = Release|Any CPU
		{6F8B9908-8E5B-455E-9681-09DA9ACC3C46}.Debug|Any CPU.ActiveCfg = Debug|Any CPU
		{6F8B9908-8E5B-455E-9681-09DA9ACC3C46}.Debug|Any CPU.Build.0 = Debug|Any CPU
		{6F8B9908-8E5B-455E-9681-09DA9ACC3C46}.Release|Any CPU.ActiveCfg = Release|Any CPU
		{6F8B9908-8E5B-455E-9681-09DA9ACC3C46}.Release|Any CPU.Build.0 = Release|Any CPU
		{08EE2E9A-F9FB-4796-9E17-8D8A6AE32C6F}.Debug|Any CPU.ActiveCfg = Debug|Any CPU
		{08EE2E9A-F9FB-4796-9E17-8D8A6AE32C6F}.Debug|Any CPU.Build.0 = Debug|Any CPU
		{08EE2E9A-F9FB-4796-9E17-8D8A6AE32C6F}.Release|Any CPU.ActiveCfg = Release|Any CPU
		{08EE2E9A-F9FB-4796-9E17-8D8A6AE32C6F}.Release|Any CPU.Build.0 = Release|Any CPU
	EndGlobalSection
	GlobalSection(SolutionProperties) = preSolution
		HideSolutionNode = FALSE
	EndGlobalSection
	GlobalSection(ExtensibilityGlobals) = postSolution
		SolutionGuid = {53F3F416-77E2-4A9A-9D4C-62A324CE413C}
	EndGlobalSection
EndGlobal
